
Microsoft Visual Studio Solution File, Format Version 12.00
# Visual Studio 15
VisualStudioVersion = 15.0.28307.168
MinimumVisualStudioVersion = 10.0.40219.1
Project("{FAE04EC0-301F-11D3-BF4B-00C04F79EFBC}") = "DemoAPI", "DemoAPI\DemoAPI.csproj", "{8679B3AB-D9E6-430E-8251-00735F310815}"
EndProject
Global
	GlobalSection(SolutionConfigurationPlatforms) = preSolution
		Debug|Any CPU = Debug|Any CPU
		Release|Any CPU = Release|Any CPU
	EndGlobalSection
	GlobalSection(ProjectConfigurationPlatforms) = postSolution
		{8679B3AB-D9E6-430E-8251-00735F310815}.Debug|Any CPU.ActiveCfg = Debug|Any CPU
		{8679B3AB-D9E6-430E-8251-00735F310815}.Debug|Any CPU.Build.0 = Debug|Any CPU
		{8679B3AB-D9E6-430E-8251-00735F310815}.Release|Any CPU.ActiveCfg = Release|Any CPU
		{8679B3AB-D9E6-430E-8251-00735F310815}.Release|Any CPU.Build.0 = Release|Any CPU
	EndGlobalSection
	GlobalSection(SolutionProperties) = preSolution
		HideSolutionNode = FALSE
	EndGlobalSection
	GlobalSection(ExtensibilityGlobals) = postSolution
		SolutionGuid = {C4D33134-F2B1-484A-9AEF-479C882A9C34}
	EndGlobalSection
EndGlobal
